
Microsoft Visual Studio Solution File, Format Version 12.00
# Visual Studio Version 16
VisualStudioVersion = 16.0.29102.190
MinimumVisualStudioVersion = 10.0.40219.1
Project("{9A19103F-16F7-4668-BE54-9A1E7A4F7556}") = "Files.API", "Files.API\Files.API.csproj", "{D83215C1-7B17-4C6A-88CD-C72D603E5A6F}"
EndProject
Project("{9A19103F-16F7-4668-BE54-9A1E7A4F7556}") = "Files.Application", "Files.Application\Files.Application.csproj", "{0884F77F-9F83-4A6C-BBEB-EAE569126999}"
EndProject
Project("{9A19103F-16F7-4668-BE54-9A1E7A4F7556}") = "Files.Application.Tests", "Files.Application.Tests\Files.Application.Tests.csproj", "{3F53F77E-FEAC-4F5B-B038-A3A274875033}"
EndProject
Project("{9A19103F-16F7-4668-BE54-9A1E7A4F7556}") = "Files.Domain", "Files.Domain\Files.Domain.csproj", "{0BD0C2FC-8D21-442E-9680-040683184385}"
EndProject
Project("{9A19103F-16F7-4668-BE54-9A1E7A4F7556}") = "Files.Infrastructure", "Files.Infrastructure\Files.Infrastructure.csproj", "{59971AD5-173D-40B6-A0B7-89EACCD19216}"
EndProject
Global
	GlobalSection(SolutionConfigurationPlatforms) = preSolution
		Debug|Any CPU = Debug|Any CPU
		Release|Any CPU = Release|Any CPU
	EndGlobalSection
	GlobalSection(ProjectConfigurationPlatforms) = postSolution
		{D83215C1-7B17-4C6A-88CD-C72D603E5A6F}.Debug|Any CPU.ActiveCfg = Debug|Any CPU
		{D83215C1-7B17-4C6A-88CD-C72D603E5A6F}.Debug|Any CPU.Build.0 = Debug|Any CPU
		{D83215C1-7B17-4C6A-88CD-C72D603E5A6F}.Release|Any CPU.ActiveCfg = Release|Any CPU
		{D83215C1-7B17-4C6A-88CD-C72D603E5A6F}.Release|Any CPU.Build.0 = Release|Any CPU
		{0884F77F-9F83-4A6C-BBEB-EAE569126999}.Debug|Any CPU.ActiveCfg = Debug|Any CPU
		{0884F77F-9F83-4A6C-BBEB-EAE569126999}.Debug|Any CPU.Build.0 = Debug|Any CPU
		{0884F77F-9F83-4A6C-BBEB-EAE569126999}.Release|Any CPU.ActiveCfg = Release|Any CPU
		{0884F77F-9F83-4A6C-BBEB-EAE569126999}.Release|Any CPU.Build.0 = Release|Any CPU
		{3F53F77E-FEAC-4F5B-B038-A3A274875033}.Debug|Any CPU.ActiveCfg = Debug|Any CPU
		{3F53F77E-FEAC-4F5B-B038-A3A274875033}.Debug|Any CPU.Build.0 = Debug|Any CPU
		{3F53F77E-FEAC-4F5B-B038-A3A274875033}.Release|Any CPU.ActiveCfg = Release|Any CPU
		{3F53F77E-FEAC-4F5B-B038-A3A274875033}.Release|Any CPU.Build.0 = Release|Any CPU
		{0BD0C2FC-8D21-442E-9680-040683184385}.Debug|Any CPU.ActiveCfg = Debug|Any CPU
		{0BD0C2FC-8D21-442E-9680-040683184385}.Debug|Any CPU.Build.0 = Debug|Any CPU
		{0BD0C2FC-8D21-442E-9680-040683184385}.Release|Any CPU.ActiveCfg = Release|Any CPU
		{0BD0C2FC-8D21-442E-9680-040683184385}.Release|Any CPU.Build.0 = Release|Any CPU
		{59971AD5-173D-40B6-A0B7-89EACCD19216}.Debug|Any CPU.ActiveCfg = Debug|Any CPU
		{59971AD5-173D-40B6-A0B7-89EACCD19216}.Debug|Any CPU.Build.0 = Debug|Any CPU
		{59971AD5-173D-40B6-A0B7-89EACCD19216}.Release|Any CPU.ActiveCfg = Release|Any CPU
		{59971AD5-173D-40B6-A0B7-89EACCD19216}.Release|Any CPU.Build.0 = Release|Any CPU
	EndGlobalSection
	GlobalSection(SolutionProperties) = preSolution
		HideSolutionNode = FALSE
	EndGlobalSection
	GlobalSection(ExtensibilityGlobals) = postSolution
		SolutionGuid = {C98F7A7F-DA5E-48E0-9C7C-A4A51E951CA6}
	EndGlobalSection
EndGlobal
